// !$*UTF8*$!
{
	archiveVersion = 1;
	classes = {
	};
	objectVersion = 56;
	objects = {

/* Begin PBXBuildFile section */
		DEBB88379473038450E0BB35 /* Pods_ChatApp.framework in Frameworks */ = {isa = PBXBuildFile; fileRef = 68B3C4AA7DB3633E688DB6D6 /* Pods_ChatApp.framework */; };
		F56EE2F72BD7CD8D00A981CB /* AppDelegate.swift in Sources */ = {isa = PBXBuildFile; fileRef = F56EE2F62BD7CD8D00A981CB /* AppDelegate.swift */; };
		F56EE2F92BD7CD8D00A981CB /* SceneDelegate.swift in Sources */ = {isa = PBXBuildFile; fileRef = F56EE2F82BD7CD8D00A981CB /* SceneDelegate.swift */; };
		F56EE2FB2BD7CD8D00A981CB /* ViewController.swift in Sources */ = {isa = PBXBuildFile; fileRef = F56EE2FA2BD7CD8D00A981CB /* ViewController.swift */; };
		F56EE2FE2BD7CD8D00A981CB /* Main.storyboard in Resources */ = {isa = PBXBuildFile; fileRef = F56EE2FC2BD7CD8D00A981CB /* Main.storyboard */; };
		F56EE3002BD7CD8F00A981CB /* Assets.xcassets in Resources */ = {isa = PBXBuildFile; fileRef = F56EE2FF2BD7CD8F00A981CB /* Assets.xcassets */; };
		F56EE3032BD7CD8F00A981CB /* LaunchScreen.storyboard in Resources */ = {isa = PBXBuildFile; fileRef = F56EE3012BD7CD8F00A981CB /* LaunchScreen.storyboard */; };
		F56EE30B2BD7CF2B00A981CB /* GoogleService-Info.plist in Resources */ = {isa = PBXBuildFile; fileRef = F56EE30A2BD7CF2B00A981CB /* GoogleService-Info.plist */; };
		F56EE3112BD7E2E700A981CB /* LoginViewController.swift in Sources */ = {isa = PBXBuildFile; fileRef = F56EE3102BD7E2E700A981CB /* LoginViewController.swift */; };
		F56EE3172BD7E37000A981CB /* RegisterViewController.swift in Sources */ = {isa = PBXBuildFile; fileRef = F56EE3162BD7E37000A981CB /* RegisterViewController.swift */; };
		F56EE3192BD7E38800A981CB /* ChatViewController.swift in Sources */ = {isa = PBXBuildFile; fileRef = F56EE3182BD7E38800A981CB /* ChatViewController.swift */; };
		F56EE31B2BD7E39E00A981CB /* MainViewController.swift in Sources */ = {isa = PBXBuildFile; fileRef = F56EE31A2BD7E39E00A981CB /* MainViewController.swift */; };
		F56EE31D2BDA6F6800A981CB /* ChatCell.xib in Resources */ = {isa = PBXBuildFile; fileRef = F56EE31C2BDA6F6800A981CB /* ChatCell.xib */; };
		F56EE31F2BDA72FB00A981CB /* ChatTableViewCell.swift in Sources */ = {isa = PBXBuildFile; fileRef = F56EE31E2BDA72FB00A981CB /* ChatTableViewCell.swift */; };
/* End PBXBuildFile section */

/* Begin PBXFileReference section */
		68B3C4AA7DB3633E688DB6D6 /* Pods_ChatApp.framework */ = {isa = PBXFileReference; explicitFileType = wrapper.framework; includeInIndex = 0; path = Pods_ChatApp.framework; sourceTree = BUILT_PRODUCTS_DIR; };
		9D8EB785C6B5FE085175A1D6 /* Pods-ChatApp.debug.xcconfig */ = {isa = PBXFileReference; includeInIndex = 1; lastKnownFileType = text.xcconfig; name = "Pods-ChatApp.debug.xcconfig"; path = "Target Support Files/Pods-ChatApp/Pods-ChatApp.debug.xcconfig"; sourceTree = "<group>"; };
		E1AEACF35FD8F218B72B21A2 /* Pods-ChatApp.release.xcconfig */ = {isa = PBXFileReference; includeInIndex = 1; lastKnownFileType = text.xcconfig; name = "Pods-ChatApp.release.xcconfig"; path = "Target Support Files/Pods-ChatApp/Pods-ChatApp.release.xcconfig"; sourceTree = "<group>"; };
		F56EE2F32BD7CD8D00A981CB /* ChatApp.app */ = {isa = PBXFileReference; explicitFileType = wrapper.application; includeInIndex = 0; path = ChatApp.app; sourceTree = BUILT_PRODUCTS_DIR; };
		F56EE2F62BD7CD8D00A981CB /* AppDelegate.swift */ = {isa = PBXFileReference; lastKnownFileType = sourcecode.swift; path = AppDelegate.swift; sourceTree = "<group>"; };
		F56EE2F82BD7CD8D00A981CB /* SceneDelegate.swift */ = {isa = PBXFileReference; lastKnownFileType = sourcecode.swift; path = SceneDelegate.swift; sourceTree = "<group>"; };
		F56EE2FA2BD7CD8D00A981CB /* ViewController.swift */ = {isa = PBXFileReference; lastKnownFileType = sourcecode.swift; path = ViewController.swift; sourceTree = "<group>"; };
		F56EE2FD2BD7CD8D00A981CB /* Base */ = {isa = PBXFileReference; lastKnownFileType = file.storyboard; name = Base; path = Base.lproj/Main.storyboard; sourceTree = "<group>"; };
		F56EE2FF2BD7CD8F00A981CB /* Assets.xcassets */ = {isa = PBXFileReference; lastKnownFileType = folder.assetcatalog; path = Assets.xcassets; sourceTree = "<group>"; };
		F56EE3022BD7CD8F00A981CB /* Base */ = {isa = PBXFileReference; lastKnownFileType = file.storyboard; name = Base; path = Base.lproj/LaunchScreen.storyboard; sourceTree = "<group>"; };
		F56EE3042BD7CD8F00A981CB /* Info.plist */ = {isa = PBXFileReference; lastKnownFileType = text.plist.xml; path = Info.plist; sourceTree = "<group>"; };
		F56EE30A2BD7CF2B00A981CB /* GoogleService-Info.plist */ = {isa = PBXFileReference; fileEncoding = 4; lastKnownFileType = text.plist.xml; path = "GoogleService-Info.plist"; sourceTree = "<group>"; };
		F56EE3102BD7E2E700A981CB /* LoginViewController.swift */ = {isa = PBXFileReference; lastKnownFileType = sourcecode.swift; path = LoginViewController.swift; sourceTree = "<group>"; };
		F56EE3162BD7E37000A981CB /* RegisterViewController.swift */ = {isa = PBXFileReference; lastKnownFileType = sourcecode.swift; path = RegisterViewController.swift; sourceTree = "<group>"; };
		F56EE3182BD7E38800A981CB /* ChatViewController.swift */ = {isa = PBXFileReference; lastKnownFileType = sourcecode.swift; path = ChatViewController.swift; sourceTree = "<group>"; };
		F56EE31A2BD7E39E00A981CB /* MainViewController.swift */ = {isa = PBXFileReference; lastKnownFileType = sourcecode.swift; path = MainViewController.swift; sourceTree = "<group>"; };
		F56EE31C2BDA6F6800A981CB /* ChatCell.xib */ = {isa = PBXFileReference; lastKnownFileType = file.xib; path = ChatCell.xib; sourceTree = "<group>"; };
		F56EE31E2BDA72FB00A981CB /* ChatTableViewCell.swift */ = {isa = PBXFileReference; lastKnownFileType = sourcecode.swift; path = ChatTableViewCell.swift; sourceTree = "<group>"; };
/* End PBXFileReference section */

/* Begin PBXFrameworksBuildPhase section */
		F56EE2F02BD7CD8D00A981CB /* Frameworks */ = {
			isa = PBXFrameworksBuildPhase;
			buildActionMask = 2147483647;
			files = (
				DEBB88379473038450E0BB35 /* Pods_ChatApp.framework in Frameworks */,
			);
			runOnlyForDeploymentPostprocessing = 0;
		};
/* End PBXFrameworksBuildPhase section */

/* Begin PBXGroup section */
		BCB4B9423278A28F1456C49B /* Pods */ = {
			isa = PBXGroup;
			children = (
				9D8EB785C6B5FE085175A1D6 /* Pods-ChatApp.debug.xcconfig */,
				E1AEACF35FD8F218B72B21A2 /* Pods-ChatApp.release.xcconfig */,
			);
			path = Pods;
			sourceTree = "<group>";
		};
		EB18F060B05A3F3D06DFC636 /* Frameworks */ = {
			isa = PBXGroup;
			children = (
				68B3C4AA7DB3633E688DB6D6 /* Pods_ChatApp.framework */,
			);
			name = Frameworks;
			sourceTree = "<group>";
		};
		F56EE2EA2BD7CD8D00A981CB = {
			isa = PBXGroup;
			children = (
				F56EE2F52BD7CD8D00A981CB /* ChatApp */,
				F56EE2F42BD7CD8D00A981CB /* Products */,
				BCB4B9423278A28F1456C49B /* Pods */,
				EB18F060B05A3F3D06DFC636 /* Frameworks */,
			);
			sourceTree = "<group>";
		};
		F56EE2F42BD7CD8D00A981CB /* Products */ = {
			isa = PBXGroup;
			children = (
				F56EE2F32BD7CD8D00A981CB /* ChatApp.app */,
			);
			name = Products;
			sourceTree = "<group>";
		};
		F56EE2F52BD7CD8D00A981CB /* ChatApp */ = {
			isa = PBXGroup;
			children = (
				F56EE2FA2BD7CD8D00A981CB /* ViewController.swift */,
				F56EE3102BD7E2E700A981CB /* LoginViewController.swift */,
				F56EE3162BD7E37000A981CB /* RegisterViewController.swift */,
				F56EE3182BD7E38800A981CB /* ChatViewController.swift */,
				F56EE31A2BD7E39E00A981CB /* MainViewController.swift */,
				F56EE3012BD7CD8F00A981CB /* LaunchScreen.storyboard */,
				F56EE2FC2BD7CD8D00A981CB /* Main.storyboard */,
				F56EE2F82BD7CD8D00A981CB /* SceneDelegate.swift */,
				F56EE2F62BD7CD8D00A981CB /* AppDelegate.swift */,
				F56EE31C2BDA6F6800A981CB /* ChatCell.xib */,
				F56EE31E2BDA72FB00A981CB /* ChatTableViewCell.swift */,
				F56EE2FF2BD7CD8F00A981CB /* Assets.xcassets */,
				F56EE3042BD7CD8F00A981CB /* Info.plist */,
				F56EE30A2BD7CF2B00A981CB /* GoogleService-Info.plist */,
			);
			path = ChatApp;
			sourceTree = "<group>";
		};
/* End PBXGroup section */

/* Begin PBXNativeTarget section */
		F56EE2F22BD7CD8D00A981CB /* ChatApp */ = {
			isa = PBXNativeTarget;
			buildConfigurationList = F56EE3072BD7CD8F00A981CB /* Build configuration list for PBXNativeTarget "ChatApp" */;
			buildPhases = (
				4E6684E707DFAEAACEF3306C /* [CP] Check Pods Manifest.lock */,
				F56EE2EF2BD7CD8D00A981CB /* Sources */,
				F56EE2F02BD7CD8D00A981CB /* Frameworks */,
				F56EE2F12BD7CD8D00A981CB /* Resources */,
				4AF5EEF6E9BD24442DCA31F3 /* [CP] Embed Pods Frameworks */,
			);
			buildRules = (
			);
			dependencies = (
			);
			name = ChatApp;
			productName = ChatApp;
			productReference = F56EE2F32BD7CD8D00A981CB /* ChatApp.app */;
			productType = "com.apple.product-type.application";
		};
/* End PBXNativeTarget section */

/* Begin PBXProject section */
		F56EE2EB2BD7CD8D00A981CB /* Project object */ = {
			isa = PBXProject;
			attributes = {
				BuildIndependentTargetsInParallel = 1;
				LastSwiftUpdateCheck = 1500;
				LastUpgradeCheck = 1500;
				TargetAttributes = {
					F56EE2F22BD7CD8D00A981CB = {
						CreatedOnToolsVersion = 15.0.1;
					};
				};
			};
			buildConfigurationList = F56EE2EE2BD7CD8D00A981CB /* Build configuration list for PBXProject "ChatApp" */;
			compatibilityVersion = "Xcode 14.0";
			developmentRegion = en;
			hasScannedForEncodings = 0;
			knownRegions = (
				en,
				Base,
			);
			mainGroup = F56EE2EA2BD7CD8D00A981CB;
			productRefGroup = F56EE2F42BD7CD8D00A981CB /* Products */;
			projectDirPath = "";
			projectRoot = "";
			targets = (
				F56EE2F22BD7CD8D00A981CB /* ChatApp */,
			);
		};
/* End PBXProject section */

/* Begin PBXResourcesBuildPhase section */
		F56EE2F12BD7CD8D00A981CB /* Resources */ = {
			isa = PBXResourcesBuildPhase;
			buildActionMask = 2147483647;
			files = (
				F56EE3032BD7CD8F00A981CB /* LaunchScreen.storyboard in Resources */,
				F56EE30B2BD7CF2B00A981CB /* GoogleService-Info.plist in Resources */,
				F56EE31D2BDA6F6800A981CB /* ChatCell.xib in Resources */,
				F56EE3002BD7CD8F00A981CB /* Assets.xcassets in Resources */,
				F56EE2FE2BD7CD8D00A981CB /* Main.storyboard in Resources */,
			);
			runOnlyForDeploymentPostprocessing = 0;
		};
/* End PBXResourcesBuildPhase section */

/* Begin PBXShellScriptBuildPhase section */
		4AF5EEF6E9BD24442DCA31F3 /* [CP] Embed Pods Frameworks */ = {
			isa = PBXShellScriptBuildPhase;
			buildActionMask = 2147483647;
			files = (
			);
			inputFileListPaths = (
				"${PODS_ROOT}/Target Support Files/Pods-ChatApp/Pods-ChatApp-frameworks-${CONFIGURATION}-input-files.xcfilelist",
			);
			name = "[CP] Embed Pods Frameworks";
			outputFileListPaths = (
				"${PODS_ROOT}/Target Support Files/Pods-ChatApp/Pods-ChatApp-frameworks-${CONFIGURATION}-output-files.xcfilelist",
			);
			runOnlyForDeploymentPostprocessing = 0;
			shellPath = /bin/sh;
			shellScript = "\"${PODS_ROOT}/Target Support Files/Pods-ChatApp/Pods-ChatApp-frameworks.sh\"\n";
			showEnvVarsInLog = 0;
		};
		4E6684E707DFAEAACEF3306C /* [CP] Check Pods Manifest.lock */ = {
			isa = PBXShellScriptBuildPhase;
			buildActionMask = 2147483647;
			files = (
			);
			inputFileListPaths = (
			);
			inputPaths = (
				"${PODS_PODFILE_DIR_PATH}/Podfile.lock",
				"${PODS_ROOT}/Manifest.lock",
			);
			name = "[CP] Check Pods Manifest.lock";
			outputFileListPaths = (
			);
			outputPaths = (
				"$(DERIVED_FILE_DIR)/Pods-ChatApp-checkManifestLockResult.txt",
			);
			runOnlyForDeploymentPostprocessing = 0;
			shellPath = /bin/sh;
			shellScript = "diff \"${PODS_PODFILE_DIR_PATH}/Podfile.lock\" \"${PODS_ROOT}/Manifest.lock\" > /dev/null\nif [ $? != 0 ] ; then\n    # print error to STDERR\n    echo \"error: The sandbox is not in sync with the Podfile.lock. Run 'pod install' or update your CocoaPods installation.\" >&2\n    exit 1\nfi\n# This output is used by Xcode 'outputs' to avoid re-running this script phase.\necho \"SUCCESS\" > \"${SCRIPT_OUTPUT_FILE_0}\"\n";
			showEnvVarsInLog = 0;
		};
/* End PBXShellScriptBuildPhase section */

/* Begin PBXSourcesBuildPhase section */
		F56EE2EF2BD7CD8D00A981CB /* Sources */ = {
			isa = PBXSourcesBuildPhase;
			buildActionMask = 2147483647;
			files = (
				F56EE31B2BD7E39E00A981CB /* MainViewController.swift in Sources */,
				F56EE3112BD7E2E700A981CB /* LoginViewController.swift in Sources */,
				F56EE3172BD7E37000A981CB /* RegisterViewController.swift in Sources */,
				F56EE2FB2BD7CD8D00A981CB /* ViewController.swift in Sources */,
				F56EE2F72BD7CD8D00A981CB /* AppDelegate.swift in Sources */,
				F56EE31F2BDA72FB00A981CB /* ChatTableViewCell.swift in Sources */,
				F56EE3192BD7E38800A981CB /* ChatViewController.swift in Sources */,
				F56EE2F92BD7CD8D00A981CB /* SceneDelegate.swift in Sources */,
			);
			runOnlyForDeploymentPostprocessing = 0;
		};
/* End PBXSourcesBuildPhase section */

/* Begin PBXVariantGroup section */
		F56EE2FC2BD7CD8D00A981CB /* Main.storyboard */ = {
			isa = PBXVariantGroup;
			children = (
				F56EE2FD2BD7CD8D00A981CB /* Base */,
			);
			name = Main.storyboard;
			sourceTree = "<group>";
		};
		F56EE3012BD7CD8F00A981CB /* LaunchScreen.storyboard */ = {
			isa = PBXVariantGroup;
			children = (
				F56EE3022BD7CD8F00A981CB /* Base */,
			);
			name = LaunchScreen.storyboard;
			sourceTree = "<group>";
		};
/* End PBXVariantGroup section */

/* Begin XCBuildConfiguration section */
		F56EE3052BD7CD8F00A981CB /* Debug */ = {
			isa = XCBuildConfiguration;
			buildSettings = {
				ALWAYS_SEARCH_USER_PATHS = NO;
				ASSETCATALOG_COMPILER_GENERATE_SWIFT_ASSET_SYMBOL_EXTENSIONS = YES;
				CLANG_ANALYZER_NONNULL = YES;
				CLANG_ANALYZER_NUMBER_OBJECT_CONVERSION = YES_AGGRESSIVE;
				CLANG_CXX_LANGUAGE_STANDARD = "gnu++20";
				CLANG_ENABLE_MODULES = YES;
				CLANG_ENABLE_OBJC_ARC = YES;
				CLANG_ENABLE_OBJC_WEAK = YES;
				CLANG_WARN_BLOCK_CAPTURE_AUTORELEASING = YES;
				CLANG_WARN_BOOL_CONVERSION = YES;
				CLANG_WARN_COMMA = YES;
				CLANG_WARN_CONSTANT_CONVERSION = YES;
				CLANG_WARN_DEPRECATED_OBJC_IMPLEMENTATIONS = YES;
				CLANG_WARN_DIRECT_OBJC_ISA_USAGE = YES_ERROR;
				CLANG_WARN_DOCUMENTATION_COMMENTS = YES;
				CLANG_WARN_EMPTY_BODY = YES;
				CLANG_WARN_ENUM_CONVERSION = YES;
				CLANG_WARN_INFINITE_RECURSION = YES;
				CLANG_WARN_INT_CONVERSION = YES;
				CLANG_WARN_NON_LITERAL_NULL_CONVERSION = YES;
				CLANG_WARN_OBJC_IMPLICIT_RETAIN_SELF = YES;
				CLANG_WARN_OBJC_LITERAL_CONVERSION = YES;
				CLANG_WARN_OBJC_ROOT_CLASS = YES_ERROR;
				CLANG_WARN_QUOTED_INCLUDE_IN_FRAMEWORK_HEADER = YES;
				CLANG_WARN_RANGE_LOOP_ANALYSIS = YES;
				CLANG_WARN_STRICT_PROTOTYPES = YES;
				CLANG_WARN_SUSPICIOUS_MOVE = YES;
				CLANG_WARN_UNGUARDED_AVAILABILITY = YES_AGGRESSIVE;
				CLANG_WARN_UNREACHABLE_CODE = YES;
				CLANG_WARN__DUPLICATE_METHOD_MATCH = YES;
				COPY_PHASE_STRIP = NO;
				DEBUG_INFORMATION_FORMAT = dwarf;
				ENABLE_STRICT_OBJC_MSGSEND = YES;
				ENABLE_TESTABILITY = YES;
				ENABLE_USER_SCRIPT_SANDBOXING = NO;
				GCC_C_LANGUAGE_STANDARD = gnu17;
				GCC_DYNAMIC_NO_PIC = NO;
				GCC_NO_COMMON_BLOCKS = YES;
				GCC_OPTIMIZATION_LEVEL = 0;
				GCC_PREPROCESSOR_DEFINITIONS = (
					"DEBUG=1",
					"$(inherited)",
				);
				GCC_WARN_64_TO_32_BIT_CONVERSION = YES;
				GCC_WARN_ABOUT_RETURN_TYPE = YES_ERROR;
				GCC_WARN_UNDECLARED_SELECTOR = YES;
				GCC_WARN_UNINITIALIZED_AUTOS = YES_AGGRESSIVE;
				GCC_WARN_UNUSED_FUNCTION = YES;
				GCC_WARN_UNUSED_VARIABLE = YES;
				IPHONEOS_DEPLOYMENT_TARGET = 17.0;
				LOCALIZATION_PREFERS_STRING_CATALOGS = YES;
				MTL_ENABLE_DEBUG_INFO = INCLUDE_SOURCE;
				MTL_FAST_MATH = YES;
				ONLY_ACTIVE_ARCH = YES;
				SDKROOT = iphoneos;
				SWIFT_ACTIVE_COMPILATION_CONDITIONS = "DEBUG $(inherited)";
				SWIFT_OPTIMIZATION_LEVEL = "-Onone";
			};
			name = Debug;
		};
		F56EE3062BD7CD8F00A981CB /* Release */ = {
			isa = XCBuildConfiguration;
			buildSettings = {
				ALWAYS_SEARCH_USER_PATHS = NO;
				ASSETCATALOG_COMPILER_GENERATE_SWIFT_ASSET_SYMBOL_EXTENSIONS = YES;
				CLANG_ANALYZER_NONNULL = YES;
				CLANG_ANALYZER_NUMBER_OBJECT_CONVERSION = YES_AGGRESSIVE;
				CLANG_CXX_LANGUAGE_STANDARD = "gnu++20";
				CLANG_ENABLE_MODULES = YES;
				CLANG_ENABLE_OBJC_ARC = YES;
				CLANG_ENABLE_OBJC_WEAK = YES;
				CLANG_WARN_BLOCK_CAPTURE_AUTORELEASING = YES;
				CLANG_WARN_BOOL_CONVERSION = YES;
				CLANG_WARN_COMMA = YES;
				CLANG_WARN_CONSTANT_CONVERSION = YES;
				CLANG_WARN_DEPRECATED_OBJC_IMPLEMENTATIONS = YES;
				CLANG_WARN_DIRECT_OBJC_ISA_USAGE = YES_ERROR;
				CLANG_WARN_DOCUMENTATION_COMMENTS = YES;
				CLANG_WARN_EMPTY_BODY = YES;
				CLANG_WARN_ENUM_CONVERSION = YES;
				CLANG_WARN_INFINITE_RECURSION = YES;
				CLANG_WARN_INT_CONVERSION = YES;
				CLANG_WARN_NON_LITERAL_NULL_CONVERSION = YES;
				CLANG_WARN_OBJC_IMPLICIT_RETAIN_SELF = YES;
				CLANG_WARN_OBJC_LITERAL_CONVERSION = YES;
				CLANG_WARN_OBJC_ROOT_CLASS = YES_ERROR;
				CLANG_WARN_QUOTED_INCLUDE_IN_FRAMEWORK_HEADER = YES;
				CLANG_WARN_RANGE_LOOP_ANALYSIS = YES;
				CLANG_WARN_STRICT_PROTOTYPES = YES;
				CLANG_WARN_SUSPICIOUS_MOVE = YES;
				CLANG_WARN_UNGUARDED_AVAILABILITY = YES_AGGRESSIVE;
				CLANG_WARN_UNREACHABLE_CODE = YES;
				CLANG_WARN__DUPLICATE_METHOD_MATCH = YES;
				COPY_PHASE_STRIP = NO;
				DEBUG_INFORMATION_FORMAT = "dwarf-with-dsym";
				ENABLE_NS_ASSERTIONS = NO;
				ENABLE_STRICT_OBJC_MSGSEND = YES;
				ENABLE_USER_SCRIPT_SANDBOXING = NO;
				GCC_C_LANGUAGE_STANDARD = gnu17;
				GCC_NO_COMMON_BLOCKS = YES;
				GCC_WARN_64_TO_32_BIT_CONVERSION = YES;
				GCC_WARN_ABOUT_RETURN_TYPE = YES_ERROR;
				GCC_WARN_UNDECLARED_SELECTOR = YES;
				GCC_WARN_UNINITIALIZED_AUTOS = YES_AGGRESSIVE;
				GCC_WARN_UNUSED_FUNCTION = YES;
				GCC_WARN_UNUSED_VARIABLE = YES;
				IPHONEOS_DEPLOYMENT_TARGET = 17.0;
				LOCALIZATION_PREFERS_STRING_CATALOGS = YES;
				MTL_ENABLE_DEBUG_INFO = NO;
				MTL_FAST_MATH = YES;
				SDKROOT = iphoneos;
				SWIFT_COMPILATION_MODE = wholemodule;
				VALIDATE_PRODUCT = YES;
			};
			name = Release;
		};
		F56EE3082BD7CD8F00A981CB /* Debug */ = {
			isa = XCBuildConfiguration;
			baseConfigurationReference = 9D8EB785C6B5FE085175A1D6 /* Pods-ChatApp.debug.xcconfig */;
			buildSettings = {
				ASSETCATALOG_COMPILER_APPICON_NAME = AppIcon;
				ASSETCATALOG_COMPILER_GLOBAL_ACCENT_COLOR_NAME = AccentColor;
				CODE_SIGN_STYLE = Automatic;
				CURRENT_PROJECT_VERSION = 1;
				DEVELOPMENT_TEAM = F55UNQFB68;
				GENERATE_INFOPLIST_FILE = YES;
				INFOPLIST_FILE = ChatApp/Info.plist;
				INFOPLIST_KEY_UIApplicationSupportsIndirectInputEvents = YES;
				INFOPLIST_KEY_UILaunchStoryboardName = LaunchScreen;
				INFOPLIST_KEY_UIMainStoryboardFile = Main;
				INFOPLIST_KEY_UISupportedInterfaceOrientations_iPad = "UIInterfaceOrientationPortrait UIInterfaceOrientationPortraitUpsideDown UIInterfaceOrientationLandscapeLeft UIInterfaceOrientationLandscapeRight";
				INFOPLIST_KEY_UISupportedInterfaceOrientations_iPhone = "UIInterfaceOrientationPortrait UIInterfaceOrientationLandscapeLeft UIInterfaceOrientationLandscapeRight";
				LD_RUNPATH_SEARCH_PATHS = (
					"$(inherited)",
					"@executable_path/Frameworks",
				);
				MARKETING_VERSION = 1.0;
				PRODUCT_BUNDLE_IDENTIFIER = com.gulsumdemirbas.ChatApp;
				PRODUCT_NAME = "$(TARGET_NAME)";
				SWIFT_EMIT_LOC_STRINGS = YES;
				SWIFT_VERSION = 5.0;
				TARGETED_DEVICE_FAMILY = "1,2";
			};
			name = Debug;
		};
		F56EE3092BD7CD8F00A981CB /* Release */ = {
			isa = XCBuildConfiguration;
			baseConfigurationReference = E1AEACF35FD8F218B72B21A2 /* Pods-ChatApp.release.xcconfig */;
			buildSettings = {
				ASSETCATALOG_COMPILER_APPICON_NAME = AppIcon;
				ASSETCATALOG_COMPILER_GLOBAL_ACCENT_COLOR_NAME = AccentColor;
				CODE_SIGN_STYLE = Automatic;
				CURRENT_PROJECT_VERSION = 1;
				DEVELOPMENT_TEAM = F55UNQFB68;
				GENERATE_INFOPLIST_FILE = YES;
				INFOPLIST_FILE = ChatApp/Info.plist;
				INFOPLIST_KEY_UIApplicationSupportsIndirectInputEvents = YES;
				INFOPLIST_KEY_UILaunchStoryboardName = LaunchScreen;
				INFOPLIST_KEY_UIMainStoryboardFile = Main;
				INFOPLIST_KEY_UISupportedInterfaceOrientations_iPad = "UIInterfaceOrientationPortrait UIInterfaceOrientationPortraitUpsideDown UIInterfaceOrientationLandscapeLeft UIInterfaceOrientationLandscapeRight";
				INFOPLIST_KEY_UISupportedInterfaceOrientations_iPhone = "UIInterfaceOrientationPortrait UIInterfaceOrientationLandscapeLeft UIInterfaceOrientationLandscapeRight";
				LD_RUNPATH_SEARCH_PATHS = (
					"$(inherited)",
					"@executable_path/Frameworks",
				);
				MARKETING_VERSION = 1.0;
				PRODUCT_BUNDLE_IDENTIFIER = com.gulsumdemirbas.ChatApp;
				PRODUCT_NAME = "$(TARGET_NAME)";
				SWIFT_EMIT_LOC_STRINGS = YES;
				SWIFT_VERSION = 5.0;
				TARGETED_DEVICE_FAMILY = "1,2";
			};
			name = Release;
		};
/* End XCBuildConfiguration section */

/* Begin XCConfigurationList section */
		F56EE2EE2BD7CD8D00A981CB /* Build configuration list for PBXProject "ChatApp" */ = {
			isa = XCConfigurationList;
			buildConfigurations = (
				F56EE3052BD7CD8F00A981CB /* Debug */,
				F56EE3062BD7CD8F00A981CB /* Release */,
			);
			defaultConfigurationIsVisible = 0;
			defaultConfigurationName = Release;
		};
		F56EE3072BD7CD8F00A981CB /* Build configuration list for PBXNativeTarget "ChatApp" */ = {
			isa = XCConfigurationList;
			buildConfigurations = (
				F56EE3082BD7CD8F00A981CB /* Debug */,
				F56EE3092BD7CD8F00A981CB /* Release */,
			);
			defaultConfigurationIsVisible = 0;
			defaultConfigurationName = Release;
		};
/* End XCConfigurationList section */
	};
	rootObject = F56EE2EB2BD7CD8D00A981CB /* Project object */;
}
